# -------------------------------------------------------------------------- #
#
# Copyright (C) 2020  Intel Corporation. All rights reserved.
# Your use of Intel Corporation's design tools, logic functions 
# and other software and tools, and any partner logic 
# functions, and any output files from any of the foregoing 
# (including device programming or simulation files), and any 
# associated documentation or information are expressly subject 
# to the terms and conditions of the Intel Program License 
# Subscription Agreement, the Intel Quartus Prime License Agreement,
# the Intel FPGA IP License Agreement, or other applicable license
# agreement, including, without limitation, that your use is for
# the sole purpose of programming logic devices manufactured by
# Intel and sold by Intel or its authorized distributors.  Please
# refer to the applicable agreement for further details, at
# https://fpgasoftware.intel.com/eula.
#
# -------------------------------------------------------------------------- #
#
# Quartus Prime
# Version 20.1.0 Build 711 06/05/2020 SJ Standard Edition
# Date created = 01:14:10  November 10, 2020
#
# -------------------------------------------------------------------------- #
#
# Notes:
#
# 1) The default values for assignments are stored in the file:
#		atlas_assignment_defaults.qdf
#    If this file doesn't exist, see file:
#		assignment_defaults.qdf
#
# 2) Altera recommends that you do not modify this file. This
#    file is updated automatically by the Quartus Prime software
#    and any changes you make may be lost or overwritten.
#
# -------------------------------------------------------------------------- #


set_global_assignment -name FAMILY "Cyclone V"
set_global_assignment -name DEVICE 5CSEMA4U23C6
set_global_assignment -name TOP_LEVEL_ENTITY ghrd_top
set_global_assignment -name ORIGINAL_QUARTUS_VERSION 17.1.0
set_global_assignment -name PROJECT_CREATION_TIME_DATE "10:49:46  JANUARY 25, 2018"
set_global_assignment -name LAST_QUARTUS_VERSION "20.1.0 Standard Edition"
set_global_assignment -name PROJECT_OUTPUT_DIRECTORY output_files
set_global_assignment -name MIN_CORE_JUNCTION_TEMP 0
set_global_assignment -name MAX_CORE_JUNCTION_TEMP 85
set_global_assignment -name ERROR_CHECK_FREQUENCY_DIVISOR 256



#============================================================
# ADC
#============================================================
set_instance_assignment -name IO_STANDARD "3.3-V LVTTL" -to ADC_CONVST
set_instance_assignment -name IO_STANDARD "3.3-V LVTTL" -to ADC_SCK
set_instance_assignment -name IO_STANDARD "3.3-V LVTTL" -to ADC_SDI
set_instance_assignment -name IO_STANDARD "3.3-V LVTTL" -to ADC_SDO

#============================================================
# ARDUINO
#============================================================
set_instance_assignment -name IO_STANDARD "3.3-V LVTTL" -to ARDUINO_IO[0]
set_instance_assignment -name IO_STANDARD "3.3-V LVTTL" -to ARDUINO_IO[1]
set_instance_assignment -name IO_STANDARD "3.3-V LVTTL" -to ARDUINO_IO[2]
set_instance_assignment -name IO_STANDARD "3.3-V LVTTL" -to ARDUINO_IO[3]
set_instance_assignment -name IO_STANDARD "3.3-V LVTTL" -to ARDUINO_IO[4]
set_instance_assignment -name IO_STANDARD "3.3-V LVTTL" -to ARDUINO_IO[5]
set_instance_assignment -name IO_STANDARD "3.3-V LVTTL" -to ARDUINO_IO[6]
set_instance_assignment -name IO_STANDARD "3.3-V LVTTL" -to ARDUINO_IO[7]
set_instance_assignment -name IO_STANDARD "3.3-V LVTTL" -to ARDUINO_IO[8]
set_instance_assignment -name IO_STANDARD "3.3-V LVTTL" -to ARDUINO_IO[9]
set_instance_assignment -name IO_STANDARD "3.3-V LVTTL" -to ARDUINO_IO[10]
set_instance_assignment -name IO_STANDARD "3.3-V LVTTL" -to ARDUINO_IO[11]
set_instance_assignment -name IO_STANDARD "3.3-V LVTTL" -to ARDUINO_IO[12]
set_instance_assignment -name IO_STANDARD "3.3-V LVTTL" -to ARDUINO_IO[13]
set_instance_assignment -name IO_STANDARD "3.3-V LVTTL" -to ARDUINO_IO[14]
set_instance_assignment -name IO_STANDARD "3.3-V LVTTL" -to ARDUINO_IO[15]
set_instance_assignment -name IO_STANDARD "3.3-V LVTTL" -to ARDUINO_RESET_N

#============================================================
# FPGA
#============================================================
set_instance_assignment -name IO_STANDARD "3.3-V LVTTL" -to FPGA_CLK1_50
set_instance_assignment -name IO_STANDARD "3.3-V LVTTL" -to FPGA_CLK2_50
set_instance_assignment -name IO_STANDARD "3.3-V LVTTL" -to FPGA_CLK3_50

#============================================================
# HPS
#============================================================
set_instance_assignment -name IO_STANDARD "3.3-V LVTTL" -to hps_emac1_MDC
set_instance_assignment -name IO_STANDARD "3.3-V LVTTL" -to hps_emac1_MDIO
set_instance_assignment -name IO_STANDARD "3.3-V LVTTL" -to hps_emac1_RXD0
set_instance_assignment -name IO_STANDARD "3.3-V LVTTL" -to hps_emac1_RXD1
set_instance_assignment -name IO_STANDARD "3.3-V LVTTL" -to hps_emac1_RXD2
set_instance_assignment -name IO_STANDARD "3.3-V LVTTL" -to hps_emac1_RXD3
set_instance_assignment -name IO_STANDARD "3.3-V LVTTL" -to hps_emac1_RX_CLK
set_instance_assignment -name IO_STANDARD "3.3-V LVTTL" -to hps_emac1_RX_CTL
set_instance_assignment -name IO_STANDARD "3.3-V LVTTL" -to hps_emac1_TXD0
set_instance_assignment -name IO_STANDARD "3.3-V LVTTL" -to hps_emac1_TXD3
set_instance_assignment -name IO_STANDARD "3.3-V LVTTL" -to hps_emac1_TXD1
set_instance_assignment -name IO_STANDARD "3.3-V LVTTL" -to hps_emac1_TXD2
set_instance_assignment -name IO_STANDARD "3.3-V LVTTL" -to hps_emac1_TX_CLK
set_instance_assignment -name IO_STANDARD "3.3-V LVTTL" -to hps_emac1_TX_CTL
set_instance_assignment -name IO_STANDARD "3.3-V LVTTL" -to hps_sdio_CLK
set_instance_assignment -name IO_STANDARD "3.3-V LVTTL" -to hps_sdio_CMD
set_instance_assignment -name IO_STANDARD "3.3-V LVTTL" -to hps_sdio_D0
set_instance_assignment -name IO_STANDARD "3.3-V LVTTL" -to hps_sdio_D1
set_instance_assignment -name IO_STANDARD "3.3-V LVTTL" -to hps_sdio_D2
set_instance_assignment -name IO_STANDARD "3.3-V LVTTL" -to hps_sdio_D3
set_instance_assignment -name IO_STANDARD "3.3-V LVTTL" -to hps_uart0_RX
set_instance_assignment -name IO_STANDARD "3.3-V LVTTL" -to hps_uart0_TX
set_instance_assignment -name IO_STANDARD "3.3-V LVTTL" -to hps_usb1_CLK
set_instance_assignment -name IO_STANDARD "3.3-V LVTTL" -to hps_usb1_D0
set_instance_assignment -name IO_STANDARD "3.3-V LVTTL" -to hps_usb1_D1
set_instance_assignment -name IO_STANDARD "3.3-V LVTTL" -to hps_usb1_D2
set_instance_assignment -name IO_STANDARD "3.3-V LVTTL" -to hps_usb1_D3
set_instance_assignment -name IO_STANDARD "3.3-V LVTTL" -to hps_usb1_D4
set_instance_assignment -name IO_STANDARD "3.3-V LVTTL" -to hps_usb1_D5
set_instance_assignment -name IO_STANDARD "3.3-V LVTTL" -to hps_usb1_D6
set_instance_assignment -name IO_STANDARD "3.3-V LVTTL" -to hps_usb1_D7
set_instance_assignment -name IO_STANDARD "3.3-V LVTTL" -to hps_usb1_DIR
set_instance_assignment -name IO_STANDARD "3.3-V LVTTL" -to hps_usb1_NXT
set_instance_assignment -name IO_STANDARD "3.3-V LVTTL" -to hps_usb1_STP
set_instance_assignment -name IO_STANDARD "3.3-V LVTTL" -to hps_spim1_CLK
set_instance_assignment -name IO_STANDARD "3.3-V LVTTL" -to hps_spim1_MOSI
set_instance_assignment -name IO_STANDARD "3.3-V LVTTL" -to hps_spim1_SS0
set_instance_assignment -name IO_STANDARD "3.3-V LVTTL" -to hps_i2c0_SDA
set_instance_assignment -name IO_STANDARD "3.3-V LVTTL" -to hps_i2c0_SCL
set_instance_assignment -name IO_STANDARD "3.3-V LVTTL" -to hps_i2c1_SDA
set_instance_assignment -name IO_STANDARD "3.3-V LVTTL" -to hps_i2c1_SCL
set_instance_assignment -name IO_STANDARD "3.3-V LVTTL" -to hps_gpio_GPIO09
set_instance_assignment -name IO_STANDARD "3.3-V LVTTL" -to hps_gpio_GPIO35
set_instance_assignment -name IO_STANDARD "3.3-V LVTTL" -to hps_gpio_GPIO40
set_instance_assignment -name IO_STANDARD "3.3-V LVTTL" -to hps_gpio_GPIO53
set_instance_assignment -name IO_STANDARD "3.3-V LVTTL" -to hps_gpio_GPIO54
set_instance_assignment -name IO_STANDARD "3.3-V LVTTL" -to hps_gpio_GPIO61

set_instance_assignment -name CURRENT_STRENGTH_NEW 4MA -to hps_emac1_MDC
set_instance_assignment -name CURRENT_STRENGTH_NEW 4MA -to hps_emac1_MDIO
set_instance_assignment -name CURRENT_STRENGTH_NEW 4MA -to hps_emac1_RXD0
set_instance_assignment -name CURRENT_STRENGTH_NEW 4MA -to hps_emac1_RXD1
set_instance_assignment -name CURRENT_STRENGTH_NEW 4MA -to hps_emac1_RXD2
set_instance_assignment -name CURRENT_STRENGTH_NEW 4MA -to hps_emac1_RXD3
set_instance_assignment -name CURRENT_STRENGTH_NEW 4MA -to hps_emac1_RX_CLK
set_instance_assignment -name CURRENT_STRENGTH_NEW 4MA -to hps_emac1_RX_CTL
set_instance_assignment -name CURRENT_STRENGTH_NEW 4MA -to hps_emac1_TXD0
set_instance_assignment -name CURRENT_STRENGTH_NEW 4MA -to hps_emac1_TXD1
set_instance_assignment -name CURRENT_STRENGTH_NEW 4MA -to hps_emac1_TXD2
set_instance_assignment -name CURRENT_STRENGTH_NEW 4MA -to hps_emac1_TXD3
set_instance_assignment -name CURRENT_STRENGTH_NEW 4MA -to hps_emac1_TX_CLK
set_instance_assignment -name CURRENT_STRENGTH_NEW 4MA -to hps_emac1_TX_CTL
set_instance_assignment -name CURRENT_STRENGTH_NEW 4MA -to hps_usb1_CLK
set_instance_assignment -name CURRENT_STRENGTH_NEW 4MA -to hps_usb1_D0
set_instance_assignment -name CURRENT_STRENGTH_NEW 4MA -to hps_usb1_D1
set_instance_assignment -name CURRENT_STRENGTH_NEW 4MA -to hps_usb1_D2
set_instance_assignment -name CURRENT_STRENGTH_NEW 4MA -to hps_usb1_D3
set_instance_assignment -name CURRENT_STRENGTH_NEW 4MA -to hps_usb1_D4
set_instance_assignment -name CURRENT_STRENGTH_NEW 4MA -to hps_usb1_D5
set_instance_assignment -name CURRENT_STRENGTH_NEW 4MA -to hps_usb1_D6
set_instance_assignment -name CURRENT_STRENGTH_NEW 4MA -to hps_usb1_D7
set_instance_assignment -name CURRENT_STRENGTH_NEW 4MA -to hps_usb1_DIR
set_instance_assignment -name CURRENT_STRENGTH_NEW 4MA -to hps_usb1_NXT
set_instance_assignment -name CURRENT_STRENGTH_NEW 4MA -to hps_usb1_STP
set_instance_assignment -name CURRENT_STRENGTH_NEW 4MA -to hps_sdio_CLK
set_instance_assignment -name CURRENT_STRENGTH_NEW 4MA -to hps_sdio_CMD
set_instance_assignment -name CURRENT_STRENGTH_NEW 4MA -to hps_sdio_D0
set_instance_assignment -name CURRENT_STRENGTH_NEW 4MA -to hps_sdio_D1
set_instance_assignment -name CURRENT_STRENGTH_NEW 4MA -to hps_sdio_D2
set_instance_assignment -name CURRENT_STRENGTH_NEW 4MA -to hps_sdio_D3
set_instance_assignment -name CURRENT_STRENGTH_NEW 4MA -to hps_uart0_RX
set_instance_assignment -name CURRENT_STRENGTH_NEW 4MA -to hps_uart0_TX

#============================================================
# KEY
#============================================================
set_instance_assignment -name IO_STANDARD "3.3-V LVTTL" -to KEY[0]
set_instance_assignment -name IO_STANDARD "3.3-V LVTTL" -to KEY[1]

#============================================================
# LED
#============================================================
set_instance_assignment -name IO_STANDARD "3.3-V LVTTL" -to LED[0]
set_instance_assignment -name IO_STANDARD "3.3-V LVTTL" -to LED[1]
set_instance_assignment -name IO_STANDARD "3.3-V LVTTL" -to LED[2]
set_instance_assignment -name IO_STANDARD "3.3-V LVTTL" -to LED[3]
set_instance_assignment -name IO_STANDARD "3.3-V LVTTL" -to LED[4]
set_instance_assignment -name IO_STANDARD "3.3-V LVTTL" -to LED[5]
set_instance_assignment -name IO_STANDARD "3.3-V LVTTL" -to LED[6]
set_instance_assignment -name IO_STANDARD "3.3-V LVTTL" -to LED[7]

#============================================================
# SW
#============================================================
set_instance_assignment -name IO_STANDARD "3.3-V LVTTL" -to SW[0]
set_instance_assignment -name IO_STANDARD "3.3-V LVTTL" -to SW[1]
set_instance_assignment -name IO_STANDARD "3.3-V LVTTL" -to SW[2]
set_instance_assignment -name IO_STANDARD "3.3-V LVTTL" -to SW[3]






set_location_assignment PIN_V11 -to FPGA_CLK1_50
set_location_assignment PIN_Y13 -to FPGA_CLK2_50
set_location_assignment PIN_E11 -to FPGA_CLK3_50

set_location_assignment PIN_AH17 -to KEY[0]
set_location_assignment PIN_AH16 -to KEY[1]
set_location_assignment PIN_W15 -to LED[0]
set_location_assignment PIN_AA24 -to LED[1]
set_location_assignment PIN_V16 -to LED[2]
set_location_assignment PIN_V15 -to LED[3]
set_location_assignment PIN_AF26 -to LED[4]
set_location_assignment PIN_AE26 -to LED[5]
set_location_assignment PIN_Y16 -to LED[6]
set_location_assignment PIN_AA23 -to LED[7]
set_location_assignment PIN_L10 -to SW[0]
set_location_assignment PIN_L9 -to SW[1]
set_location_assignment PIN_H6 -to SW[2]
set_location_assignment PIN_H5 -to SW[3]

set_location_assignment PIN_U9 -to ADC_CONVST
set_location_assignment PIN_V10 -to ADC_SCK
set_location_assignment PIN_AC4 -to ADC_SDI
set_location_assignment PIN_AD4 -to ADC_SDO
set_location_assignment PIN_AG13 -to ARDUINO_IO[0]
set_location_assignment PIN_AF13 -to ARDUINO_IO[1]
set_location_assignment PIN_AG10 -to ARDUINO_IO[2]
set_location_assignment PIN_AG9 -to ARDUINO_IO[3]
set_location_assignment PIN_U14 -to ARDUINO_IO[4]
set_location_assignment PIN_U13 -to ARDUINO_IO[5]
set_location_assignment PIN_AG8 -to ARDUINO_IO[6]
set_location_assignment PIN_AH8 -to ARDUINO_IO[7]
set_location_assignment PIN_AF17 -to ARDUINO_IO[8]
set_location_assignment PIN_AE15 -to ARDUINO_IO[9]
set_location_assignment PIN_AF15 -to ARDUINO_IO[10]
set_location_assignment PIN_AG16 -to ARDUINO_IO[11]
set_location_assignment PIN_AH11 -to ARDUINO_IO[12]
set_location_assignment PIN_AH12 -to ARDUINO_IO[13]
set_location_assignment PIN_AH9 -to ARDUINO_IO[14]
set_location_assignment PIN_AG11 -to ARDUINO_IO[15]
set_location_assignment PIN_AH7 -to ARDUINO_RESET_N



set_global_assignment -name QIP_FILE soc_system/synthesis/soc_system.qip
set_global_assignment -name VERILOG_FILE ghrd_top.v
set_global_assignment -name VERILOG_FILE ip/edge_detect/altera_edge_detector.v
set_global_assignment -name VERILOG_FILE ip/debounce/debounce.v
set_global_assignment -name SDC_FILE soc_system_timing.sdc
set_global_assignment -name POWER_PRESET_COOLING_SOLUTION "23 MM HEAT SINK WITH 200 LFPM AIRFLOW"
set_global_assignment -name POWER_BOARD_THERMAL_MODEL "NONE (CONSERVATIVE)"
set_global_assignment -name PARTITION_NETLIST_TYPE SOURCE -section_id Top
set_global_assignment -name PARTITION_FITTER_PRESERVATION_LEVEL PLACEMENT_AND_ROUTING -section_id Top
set_global_assignment -name PARTITION_COLOR 16764057 -section_id Top
set_instance_assignment -name IO_STANDARD "SSTL-15 CLASS I" -to hps_memory_oct_rzqin -tag __hps_sdram_p0
set_instance_assignment -name IO_STANDARD "SSTL-15 CLASS I" -to hps_memory_mem_dq[0] -tag __hps_sdram_p0
set_instance_assignment -name INPUT_TERMINATION "PARALLEL 50 OHM WITH CALIBRATION" -to hps_memory_mem_dq[0] -tag __hps_sdram_p0
set_instance_assignment -name OUTPUT_TERMINATION "SERIES 50 OHM WITH CALIBRATION" -to hps_memory_mem_dq[0] -tag __hps_sdram_p0
set_instance_assignment -name IO_STANDARD "SSTL-15 CLASS I" -to hps_memory_mem_dq[1] -tag __hps_sdram_p0
set_instance_assignment -name INPUT_TERMINATION "PARALLEL 50 OHM WITH CALIBRATION" -to hps_memory_mem_dq[1] -tag __hps_sdram_p0
set_instance_assignment -name OUTPUT_TERMINATION "SERIES 50 OHM WITH CALIBRATION" -to hps_memory_mem_dq[1] -tag __hps_sdram_p0
set_instance_assignment -name IO_STANDARD "SSTL-15 CLASS I" -to hps_memory_mem_dq[2] -tag __hps_sdram_p0
set_instance_assignment -name INPUT_TERMINATION "PARALLEL 50 OHM WITH CALIBRATION" -to hps_memory_mem_dq[2] -tag __hps_sdram_p0
set_instance_assignment -name OUTPUT_TERMINATION "SERIES 50 OHM WITH CALIBRATION" -to hps_memory_mem_dq[2] -tag __hps_sdram_p0
set_instance_assignment -name IO_STANDARD "SSTL-15 CLASS I" -to hps_memory_mem_dq[3] -tag __hps_sdram_p0
set_instance_assignment -name INPUT_TERMINATION "PARALLEL 50 OHM WITH CALIBRATION" -to hps_memory_mem_dq[3] -tag __hps_sdram_p0
set_instance_assignment -name OUTPUT_TERMINATION "SERIES 50 OHM WITH CALIBRATION" -to hps_memory_mem_dq[3] -tag __hps_sdram_p0
set_instance_assignment -name IO_STANDARD "SSTL-15 CLASS I" -to hps_memory_mem_dq[4] -tag __hps_sdram_p0
set_instance_assignment -name INPUT_TERMINATION "PARALLEL 50 OHM WITH CALIBRATION" -to hps_memory_mem_dq[4] -tag __hps_sdram_p0
set_instance_assignment -name OUTPUT_TERMINATION "SERIES 50 OHM WITH CALIBRATION" -to hps_memory_mem_dq[4] -tag __hps_sdram_p0
set_instance_assignment -name IO_STANDARD "SSTL-15 CLASS I" -to hps_memory_mem_dq[5] -tag __hps_sdram_p0
set_instance_assignment -name INPUT_TERMINATION "PARALLEL 50 OHM WITH CALIBRATION" -to hps_memory_mem_dq[5] -tag __hps_sdram_p0
set_instance_assignment -name OUTPUT_TERMINATION "SERIES 50 OHM WITH CALIBRATION" -to hps_memory_mem_dq[5] -tag __hps_sdram_p0
set_instance_assignment -name IO_STANDARD "SSTL-15 CLASS I" -to hps_memory_mem_dq[6] -tag __hps_sdram_p0
set_instance_assignment -name INPUT_TERMINATION "PARALLEL 50 OHM WITH CALIBRATION" -to hps_memory_mem_dq[6] -tag __hps_sdram_p0
set_instance_assignment -name OUTPUT_TERMINATION "SERIES 50 OHM WITH CALIBRATION" -to hps_memory_mem_dq[6] -tag __hps_sdram_p0
set_instance_assignment -name IO_STANDARD "SSTL-15 CLASS I" -to hps_memory_mem_dq[7] -tag __hps_sdram_p0
set_instance_assignment -name INPUT_TERMINATION "PARALLEL 50 OHM WITH CALIBRATION" -to hps_memory_mem_dq[7] -tag __hps_sdram_p0
set_instance_assignment -name OUTPUT_TERMINATION "SERIES 50 OHM WITH CALIBRATION" -to hps_memory_mem_dq[7] -tag __hps_sdram_p0
set_instance_assignment -name IO_STANDARD "SSTL-15 CLASS I" -to hps_memory_mem_dq[8] -tag __hps_sdram_p0
set_instance_assignment -name INPUT_TERMINATION "PARALLEL 50 OHM WITH CALIBRATION" -to hps_memory_mem_dq[8] -tag __hps_sdram_p0
set_instance_assignment -name OUTPUT_TERMINATION "SERIES 50 OHM WITH CALIBRATION" -to hps_memory_mem_dq[8] -tag __hps_sdram_p0
set_instance_assignment -name IO_STANDARD "SSTL-15 CLASS I" -to hps_memory_mem_dq[9] -tag __hps_sdram_p0
set_instance_assignment -name INPUT_TERMINATION "PARALLEL 50 OHM WITH CALIBRATION" -to hps_memory_mem_dq[9] -tag __hps_sdram_p0
set_instance_assignment -name OUTPUT_TERMINATION "SERIES 50 OHM WITH CALIBRATION" -to hps_memory_mem_dq[9] -tag __hps_sdram_p0
set_instance_assignment -name IO_STANDARD "SSTL-15 CLASS I" -to hps_memory_mem_dq[10] -tag __hps_sdram_p0
set_instance_assignment -name INPUT_TERMINATION "PARALLEL 50 OHM WITH CALIBRATION" -to hps_memory_mem_dq[10] -tag __hps_sdram_p0
set_instance_assignment -name OUTPUT_TERMINATION "SERIES 50 OHM WITH CALIBRATION" -to hps_memory_mem_dq[10] -tag __hps_sdram_p0
set_instance_assignment -name IO_STANDARD "SSTL-15 CLASS I" -to hps_memory_mem_dq[11] -tag __hps_sdram_p0
set_instance_assignment -name INPUT_TERMINATION "PARALLEL 50 OHM WITH CALIBRATION" -to hps_memory_mem_dq[11] -tag __hps_sdram_p0
set_instance_assignment -name OUTPUT_TERMINATION "SERIES 50 OHM WITH CALIBRATION" -to hps_memory_mem_dq[11] -tag __hps_sdram_p0
set_instance_assignment -name IO_STANDARD "SSTL-15 CLASS I" -to hps_memory_mem_dq[12] -tag __hps_sdram_p0
set_instance_assignment -name INPUT_TERMINATION "PARALLEL 50 OHM WITH CALIBRATION" -to hps_memory_mem_dq[12] -tag __hps_sdram_p0
set_instance_assignment -name OUTPUT_TERMINATION "SERIES 50 OHM WITH CALIBRATION" -to hps_memory_mem_dq[12] -tag __hps_sdram_p0
set_instance_assignment -name IO_STANDARD "SSTL-15 CLASS I" -to hps_memory_mem_dq[13] -tag __hps_sdram_p0
set_instance_assignment -name INPUT_TERMINATION "PARALLEL 50 OHM WITH CALIBRATION" -to hps_memory_mem_dq[13] -tag __hps_sdram_p0
set_instance_assignment -name OUTPUT_TERMINATION "SERIES 50 OHM WITH CALIBRATION" -to hps_memory_mem_dq[13] -tag __hps_sdram_p0
set_instance_assignment -name IO_STANDARD "SSTL-15 CLASS I" -to hps_memory_mem_dq[14] -tag __hps_sdram_p0
set_instance_assignment -name INPUT_TERMINATION "PARALLEL 50 OHM WITH CALIBRATION" -to hps_memory_mem_dq[14] -tag __hps_sdram_p0
set_instance_assignment -name OUTPUT_TERMINATION "SERIES 50 OHM WITH CALIBRATION" -to hps_memory_mem_dq[14] -tag __hps_sdram_p0
set_instance_assignment -name IO_STANDARD "SSTL-15 CLASS I" -to hps_memory_mem_dq[15] -tag __hps_sdram_p0
set_instance_assignment -name INPUT_TERMINATION "PARALLEL 50 OHM WITH CALIBRATION" -to hps_memory_mem_dq[15] -tag __hps_sdram_p0
set_instance_assignment -name OUTPUT_TERMINATION "SERIES 50 OHM WITH CALIBRATION" -to hps_memory_mem_dq[15] -tag __hps_sdram_p0
set_instance_assignment -name IO_STANDARD "SSTL-15 CLASS I" -to hps_memory_mem_dq[16] -tag __hps_sdram_p0
set_instance_assignment -name INPUT_TERMINATION "PARALLEL 50 OHM WITH CALIBRATION" -to hps_memory_mem_dq[16] -tag __hps_sdram_p0
set_instance_assignment -name OUTPUT_TERMINATION "SERIES 50 OHM WITH CALIBRATION" -to hps_memory_mem_dq[16] -tag __hps_sdram_p0
set_instance_assignment -name IO_STANDARD "SSTL-15 CLASS I" -to hps_memory_mem_dq[17] -tag __hps_sdram_p0
set_instance_assignment -name INPUT_TERMINATION "PARALLEL 50 OHM WITH CALIBRATION" -to hps_memory_mem_dq[17] -tag __hps_sdram_p0
set_instance_assignment -name OUTPUT_TERMINATION "SERIES 50 OHM WITH CALIBRATION" -to hps_memory_mem_dq[17] -tag __hps_sdram_p0
set_instance_assignment -name IO_STANDARD "SSTL-15 CLASS I" -to hps_memory_mem_dq[18] -tag __hps_sdram_p0
set_instance_assignment -name INPUT_TERMINATION "PARALLEL 50 OHM WITH CALIBRATION" -to hps_memory_mem_dq[18] -tag __hps_sdram_p0
set_instance_assignment -name OUTPUT_TERMINATION "SERIES 50 OHM WITH CALIBRATION" -to hps_memory_mem_dq[18] -tag __hps_sdram_p0
set_instance_assignment -name IO_STANDARD "SSTL-15 CLASS I" -to hps_memory_mem_dq[19] -tag __hps_sdram_p0
set_instance_assignment -name INPUT_TERMINATION "PARALLEL 50 OHM WITH CALIBRATION" -to hps_memory_mem_dq[19] -tag __hps_sdram_p0
set_instance_assignment -name OUTPUT_TERMINATION "SERIES 50 OHM WITH CALIBRATION" -to hps_memory_mem_dq[19] -tag __hps_sdram_p0
set_instance_assignment -name IO_STANDARD "SSTL-15 CLASS I" -to hps_memory_mem_dq[20] -tag __hps_sdram_p0
set_instance_assignment -name INPUT_TERMINATION "PARALLEL 50 OHM WITH CALIBRATION" -to hps_memory_mem_dq[20] -tag __hps_sdram_p0
set_instance_assignment -name OUTPUT_TERMINATION "SERIES 50 OHM WITH CALIBRATION" -to hps_memory_mem_dq[20] -tag __hps_sdram_p0
set_instance_assignment -name IO_STANDARD "SSTL-15 CLASS I" -to hps_memory_mem_dq[21] -tag __hps_sdram_p0
set_instance_assignment -name INPUT_TERMINATION "PARALLEL 50 OHM WITH CALIBRATION" -to hps_memory_mem_dq[21] -tag __hps_sdram_p0
set_instance_assignment -name OUTPUT_TERMINATION "SERIES 50 OHM WITH CALIBRATION" -to hps_memory_mem_dq[21] -tag __hps_sdram_p0
set_instance_assignment -name IO_STANDARD "SSTL-15 CLASS I" -to hps_memory_mem_dq[22] -tag __hps_sdram_p0
set_instance_assignment -name INPUT_TERMINATION "PARALLEL 50 OHM WITH CALIBRATION" -to hps_memory_mem_dq[22] -tag __hps_sdram_p0
set_instance_assignment -name OUTPUT_TERMINATION "SERIES 50 OHM WITH CALIBRATION" -to hps_memory_mem_dq[22] -tag __hps_sdram_p0
set_instance_assignment -name IO_STANDARD "SSTL-15 CLASS I" -to hps_memory_mem_dq[23] -tag __hps_sdram_p0
set_instance_assignment -name INPUT_TERMINATION "PARALLEL 50 OHM WITH CALIBRATION" -to hps_memory_mem_dq[23] -tag __hps_sdram_p0
set_instance_assignment -name OUTPUT_TERMINATION "SERIES 50 OHM WITH CALIBRATION" -to hps_memory_mem_dq[23] -tag __hps_sdram_p0
set_instance_assignment -name IO_STANDARD "SSTL-15 CLASS I" -to hps_memory_mem_dq[24] -tag __hps_sdram_p0
set_instance_assignment -name INPUT_TERMINATION "PARALLEL 50 OHM WITH CALIBRATION" -to hps_memory_mem_dq[24] -tag __hps_sdram_p0
set_instance_assignment -name OUTPUT_TERMINATION "SERIES 50 OHM WITH CALIBRATION" -to hps_memory_mem_dq[24] -tag __hps_sdram_p0
set_instance_assignment -name IO_STANDARD "SSTL-15 CLASS I" -to hps_memory_mem_dq[25] -tag __hps_sdram_p0
set_instance_assignment -name INPUT_TERMINATION "PARALLEL 50 OHM WITH CALIBRATION" -to hps_memory_mem_dq[25] -tag __hps_sdram_p0
set_instance_assignment -name OUTPUT_TERMINATION "SERIES 50 OHM WITH CALIBRATION" -to hps_memory_mem_dq[25] -tag __hps_sdram_p0
set_instance_assignment -name IO_STANDARD "SSTL-15 CLASS I" -to hps_memory_mem_dq[26] -tag __hps_sdram_p0
set_instance_assignment -name INPUT_TERMINATION "PARALLEL 50 OHM WITH CALIBRATION" -to hps_memory_mem_dq[26] -tag __hps_sdram_p0
set_instance_assignment -name OUTPUT_TERMINATION "SERIES 50 OHM WITH CALIBRATION" -to hps_memory_mem_dq[26] -tag __hps_sdram_p0
set_instance_assignment -name IO_STANDARD "SSTL-15 CLASS I" -to hps_memory_mem_dq[27] -tag __hps_sdram_p0
set_instance_assignment -name INPUT_TERMINATION "PARALLEL 50 OHM WITH CALIBRATION" -to hps_memory_mem_dq[27] -tag __hps_sdram_p0
set_instance_assignment -name OUTPUT_TERMINATION "SERIES 50 OHM WITH CALIBRATION" -to hps_memory_mem_dq[27] -tag __hps_sdram_p0
set_instance_assignment -name IO_STANDARD "SSTL-15 CLASS I" -to hps_memory_mem_dq[28] -tag __hps_sdram_p0
set_instance_assignment -name INPUT_TERMINATION "PARALLEL 50 OHM WITH CALIBRATION" -to hps_memory_mem_dq[28] -tag __hps_sdram_p0
set_instance_assignment -name OUTPUT_TERMINATION "SERIES 50 OHM WITH CALIBRATION" -to hps_memory_mem_dq[28] -tag __hps_sdram_p0
set_instance_assignment -name IO_STANDARD "SSTL-15 CLASS I" -to hps_memory_mem_dq[29] -tag __hps_sdram_p0
set_instance_assignment -name INPUT_TERMINATION "PARALLEL 50 OHM WITH CALIBRATION" -to hps_memory_mem_dq[29] -tag __hps_sdram_p0
set_instance_assignment -name OUTPUT_TERMINATION "SERIES 50 OHM WITH CALIBRATION" -to hps_memory_mem_dq[29] -tag __hps_sdram_p0
set_instance_assignment -name IO_STANDARD "SSTL-15 CLASS I" -to hps_memory_mem_dq[30] -tag __hps_sdram_p0
set_instance_assignment -name INPUT_TERMINATION "PARALLEL 50 OHM WITH CALIBRATION" -to hps_memory_mem_dq[30] -tag __hps_sdram_p0
set_instance_assignment -name OUTPUT_TERMINATION "SERIES 50 OHM WITH CALIBRATION" -to hps_memory_mem_dq[30] -tag __hps_sdram_p0
set_instance_assignment -name IO_STANDARD "SSTL-15 CLASS I" -to hps_memory_mem_dq[31] -tag __hps_sdram_p0
set_instance_assignment -name INPUT_TERMINATION "PARALLEL 50 OHM WITH CALIBRATION" -to hps_memory_mem_dq[31] -tag __hps_sdram_p0
set_instance_assignment -name OUTPUT_TERMINATION "SERIES 50 OHM WITH CALIBRATION" -to hps_memory_mem_dq[31] -tag __hps_sdram_p0
set_instance_assignment -name IO_STANDARD "DIFFERENTIAL 1.5-V SSTL CLASS I" -to hps_memory_mem_dqs[0] -tag __hps_sdram_p0
set_instance_assignment -name INPUT_TERMINATION "PARALLEL 50 OHM WITH CALIBRATION" -to hps_memory_mem_dqs[0] -tag __hps_sdram_p0
set_instance_assignment -name OUTPUT_TERMINATION "SERIES 50 OHM WITH CALIBRATION" -to hps_memory_mem_dqs[0] -tag __hps_sdram_p0
set_instance_assignment -name IO_STANDARD "DIFFERENTIAL 1.5-V SSTL CLASS I" -to hps_memory_mem_dqs[1] -tag __hps_sdram_p0
set_instance_assignment -name INPUT_TERMINATION "PARALLEL 50 OHM WITH CALIBRATION" -to hps_memory_mem_dqs[1] -tag __hps_sdram_p0
set_instance_assignment -name OUTPUT_TERMINATION "SERIES 50 OHM WITH CALIBRATION" -to hps_memory_mem_dqs[1] -tag __hps_sdram_p0
set_instance_assignment -name IO_STANDARD "DIFFERENTIAL 1.5-V SSTL CLASS I" -to hps_memory_mem_dqs[2] -tag __hps_sdram_p0
set_instance_assignment -name INPUT_TERMINATION "PARALLEL 50 OHM WITH CALIBRATION" -to hps_memory_mem_dqs[2] -tag __hps_sdram_p0
set_instance_assignment -name OUTPUT_TERMINATION "SERIES 50 OHM WITH CALIBRATION" -to hps_memory_mem_dqs[2] -tag __hps_sdram_p0
set_instance_assignment -name IO_STANDARD "DIFFERENTIAL 1.5-V SSTL CLASS I" -to hps_memory_mem_dqs[3] -tag __hps_sdram_p0
set_instance_assignment -name INPUT_TERMINATION "PARALLEL 50 OHM WITH CALIBRATION" -to hps_memory_mem_dqs[3] -tag __hps_sdram_p0
set_instance_assignment -name OUTPUT_TERMINATION "SERIES 50 OHM WITH CALIBRATION" -to hps_memory_mem_dqs[3] -tag __hps_sdram_p0
set_instance_assignment -name IO_STANDARD "DIFFERENTIAL 1.5-V SSTL CLASS I" -to hps_memory_mem_dqs_n[0] -tag __hps_sdram_p0
set_instance_assignment -name INPUT_TERMINATION "PARALLEL 50 OHM WITH CALIBRATION" -to hps_memory_mem_dqs_n[0] -tag __hps_sdram_p0
set_instance_assignment -name OUTPUT_TERMINATION "SERIES 50 OHM WITH CALIBRATION" -to hps_memory_mem_dqs_n[0] -tag __hps_sdram_p0
set_instance_assignment -name IO_STANDARD "DIFFERENTIAL 1.5-V SSTL CLASS I" -to hps_memory_mem_dqs_n[1] -tag __hps_sdram_p0
set_instance_assignment -name INPUT_TERMINATION "PARALLEL 50 OHM WITH CALIBRATION" -to hps_memory_mem_dqs_n[1] -tag __hps_sdram_p0
set_instance_assignment -name OUTPUT_TERMINATION "SERIES 50 OHM WITH CALIBRATION" -to hps_memory_mem_dqs_n[1] -tag __hps_sdram_p0
set_instance_assignment -name IO_STANDARD "DIFFERENTIAL 1.5-V SSTL CLASS I" -to hps_memory_mem_dqs_n[2] -tag __hps_sdram_p0
set_instance_assignment -name INPUT_TERMINATION "PARALLEL 50 OHM WITH CALIBRATION" -to hps_memory_mem_dqs_n[2] -tag __hps_sdram_p0
set_instance_assignment -name OUTPUT_TERMINATION "SERIES 50 OHM WITH CALIBRATION" -to hps_memory_mem_dqs_n[2] -tag __hps_sdram_p0
set_instance_assignment -name IO_STANDARD "DIFFERENTIAL 1.5-V SSTL CLASS I" -to hps_memory_mem_dqs_n[3] -tag __hps_sdram_p0
set_instance_assignment -name INPUT_TERMINATION "PARALLEL 50 OHM WITH CALIBRATION" -to hps_memory_mem_dqs_n[3] -tag __hps_sdram_p0
set_instance_assignment -name OUTPUT_TERMINATION "SERIES 50 OHM WITH CALIBRATION" -to hps_memory_mem_dqs_n[3] -tag __hps_sdram_p0
set_instance_assignment -name IO_STANDARD "DIFFERENTIAL 1.5-V SSTL CLASS I" -to hps_memory_mem_ck -tag __hps_sdram_p0
set_instance_assignment -name OUTPUT_TERMINATION "SERIES 50 OHM WITHOUT CALIBRATION" -to hps_memory_mem_ck -tag __hps_sdram_p0
set_instance_assignment -name D5_DELAY 2 -to hps_memory_mem_ck -tag __hps_sdram_p0
set_instance_assignment -name IO_STANDARD "DIFFERENTIAL 1.5-V SSTL CLASS I" -to hps_memory_mem_ck_n -tag __hps_sdram_p0
set_instance_assignment -name OUTPUT_TERMINATION "SERIES 50 OHM WITHOUT CALIBRATION" -to hps_memory_mem_ck_n -tag __hps_sdram_p0
set_instance_assignment -name D5_DELAY 2 -to hps_memory_mem_ck_n -tag __hps_sdram_p0
set_instance_assignment -name IO_STANDARD "SSTL-15 CLASS I" -to hps_memory_mem_a[0] -tag __hps_sdram_p0
set_instance_assignment -name CURRENT_STRENGTH_NEW "MAXIMUM CURRENT" -to hps_memory_mem_a[0] -tag __hps_sdram_p0
set_instance_assignment -name IO_STANDARD "SSTL-15 CLASS I" -to hps_memory_mem_a[10] -tag __hps_sdram_p0
set_instance_assignment -name CURRENT_STRENGTH_NEW "MAXIMUM CURRENT" -to hps_memory_mem_a[10] -tag __hps_sdram_p0
set_instance_assignment -name IO_STANDARD "SSTL-15 CLASS I" -to hps_memory_mem_a[11] -tag __hps_sdram_p0
set_instance_assignment -name CURRENT_STRENGTH_NEW "MAXIMUM CURRENT" -to hps_memory_mem_a[11] -tag __hps_sdram_p0
set_instance_assignment -name IO_STANDARD "SSTL-15 CLASS I" -to hps_memory_mem_a[12] -tag __hps_sdram_p0
set_instance_assignment -name CURRENT_STRENGTH_NEW "MAXIMUM CURRENT" -to hps_memory_mem_a[12] -tag __hps_sdram_p0
set_instance_assignment -name IO_STANDARD "SSTL-15 CLASS I" -to hps_memory_mem_a[13] -tag __hps_sdram_p0
set_instance_assignment -name CURRENT_STRENGTH_NEW "MAXIMUM CURRENT" -to hps_memory_mem_a[13] -tag __hps_sdram_p0
set_instance_assignment -name IO_STANDARD "SSTL-15 CLASS I" -to hps_memory_mem_a[14] -tag __hps_sdram_p0
set_instance_assignment -name CURRENT_STRENGTH_NEW "MAXIMUM CURRENT" -to hps_memory_mem_a[14] -tag __hps_sdram_p0
set_instance_assignment -name IO_STANDARD "SSTL-15 CLASS I" -to hps_memory_mem_a[1] -tag __hps_sdram_p0
set_instance_assignment -name CURRENT_STRENGTH_NEW "MAXIMUM CURRENT" -to hps_memory_mem_a[1] -tag __hps_sdram_p0
set_instance_assignment -name IO_STANDARD "SSTL-15 CLASS I" -to hps_memory_mem_a[2] -tag __hps_sdram_p0
set_instance_assignment -name CURRENT_STRENGTH_NEW "MAXIMUM CURRENT" -to hps_memory_mem_a[2] -tag __hps_sdram_p0
set_instance_assignment -name IO_STANDARD "SSTL-15 CLASS I" -to hps_memory_mem_a[3] -tag __hps_sdram_p0
set_instance_assignment -name CURRENT_STRENGTH_NEW "MAXIMUM CURRENT" -to hps_memory_mem_a[3] -tag __hps_sdram_p0
set_instance_assignment -name IO_STANDARD "SSTL-15 CLASS I" -to hps_memory_mem_a[4] -tag __hps_sdram_p0
set_instance_assignment -name CURRENT_STRENGTH_NEW "MAXIMUM CURRENT" -to hps_memory_mem_a[4] -tag __hps_sdram_p0
set_instance_assignment -name IO_STANDARD "SSTL-15 CLASS I" -to hps_memory_mem_a[5] -tag __hps_sdram_p0
set_instance_assignment -name CURRENT_STRENGTH_NEW "MAXIMUM CURRENT" -to hps_memory_mem_a[5] -tag __hps_sdram_p0
set_instance_assignment -name IO_STANDARD "SSTL-15 CLASS I" -to hps_memory_mem_a[6] -tag __hps_sdram_p0
set_instance_assignment -name CURRENT_STRENGTH_NEW "MAXIMUM CURRENT" -to hps_memory_mem_a[6] -tag __hps_sdram_p0
set_instance_assignment -name IO_STANDARD "SSTL-15 CLASS I" -to hps_memory_mem_a[7] -tag __hps_sdram_p0
set_instance_assignment -name CURRENT_STRENGTH_NEW "MAXIMUM CURRENT" -to hps_memory_mem_a[7] -tag __hps_sdram_p0
set_instance_assignment -name IO_STANDARD "SSTL-15 CLASS I" -to hps_memory_mem_a[8] -tag __hps_sdram_p0
set_instance_assignment -name CURRENT_STRENGTH_NEW "MAXIMUM CURRENT" -to hps_memory_mem_a[8] -tag __hps_sdram_p0
set_instance_assignment -name IO_STANDARD "SSTL-15 CLASS I" -to hps_memory_mem_a[9] -tag __hps_sdram_p0
set_instance_assignment -name CURRENT_STRENGTH_NEW "MAXIMUM CURRENT" -to hps_memory_mem_a[9] -tag __hps_sdram_p0
set_instance_assignment -name IO_STANDARD "SSTL-15 CLASS I" -to hps_memory_mem_ba[0] -tag __hps_sdram_p0
set_instance_assignment -name CURRENT_STRENGTH_NEW "MAXIMUM CURRENT" -to hps_memory_mem_ba[0] -tag __hps_sdram_p0
set_instance_assignment -name IO_STANDARD "SSTL-15 CLASS I" -to hps_memory_mem_ba[1] -tag __hps_sdram_p0
set_instance_assignment -name CURRENT_STRENGTH_NEW "MAXIMUM CURRENT" -to hps_memory_mem_ba[1] -tag __hps_sdram_p0
set_instance_assignment -name IO_STANDARD "SSTL-15 CLASS I" -to hps_memory_mem_ba[2] -tag __hps_sdram_p0
set_instance_assignment -name CURRENT_STRENGTH_NEW "MAXIMUM CURRENT" -to hps_memory_mem_ba[2] -tag __hps_sdram_p0
set_instance_assignment -name IO_STANDARD "SSTL-15 CLASS I" -to hps_memory_mem_cas_n -tag __hps_sdram_p0
set_instance_assignment -name CURRENT_STRENGTH_NEW "MAXIMUM CURRENT" -to hps_memory_mem_cas_n -tag __hps_sdram_p0
set_instance_assignment -name IO_STANDARD "SSTL-15 CLASS I" -to hps_memory_mem_cke -tag __hps_sdram_p0
set_instance_assignment -name CURRENT_STRENGTH_NEW "MAXIMUM CURRENT" -to hps_memory_mem_cke -tag __hps_sdram_p0
set_instance_assignment -name IO_STANDARD "SSTL-15 CLASS I" -to hps_memory_mem_cs_n -tag __hps_sdram_p0
set_instance_assignment -name CURRENT_STRENGTH_NEW "MAXIMUM CURRENT" -to hps_memory_mem_cs_n -tag __hps_sdram_p0
set_instance_assignment -name IO_STANDARD "SSTL-15 CLASS I" -to hps_memory_mem_odt -tag __hps_sdram_p0
set_instance_assignment -name CURRENT_STRENGTH_NEW "MAXIMUM CURRENT" -to hps_memory_mem_odt -tag __hps_sdram_p0
set_instance_assignment -name IO_STANDARD "SSTL-15 CLASS I" -to hps_memory_mem_ras_n -tag __hps_sdram_p0
set_instance_assignment -name CURRENT_STRENGTH_NEW "MAXIMUM CURRENT" -to hps_memory_mem_ras_n -tag __hps_sdram_p0
set_instance_assignment -name IO_STANDARD "SSTL-15 CLASS I" -to hps_memory_mem_we_n -tag __hps_sdram_p0
set_instance_assignment -name CURRENT_STRENGTH_NEW "MAXIMUM CURRENT" -to hps_memory_mem_we_n -tag __hps_sdram_p0
set_instance_assignment -name IO_STANDARD "SSTL-15 CLASS I" -to hps_memory_mem_reset_n -tag __hps_sdram_p0
set_instance_assignment -name CURRENT_STRENGTH_NEW "MAXIMUM CURRENT" -to hps_memory_mem_reset_n -tag __hps_sdram_p0
set_instance_assignment -name IO_STANDARD "SSTL-15 CLASS I" -to hps_memory_mem_dm[0] -tag __hps_sdram_p0
set_instance_assignment -name OUTPUT_TERMINATION "SERIES 50 OHM WITH CALIBRATION" -to hps_memory_mem_dm[0] -tag __hps_sdram_p0
set_instance_assignment -name IO_STANDARD "SSTL-15 CLASS I" -to hps_memory_mem_dm[1] -tag __hps_sdram_p0
set_instance_assignment -name OUTPUT_TERMINATION "SERIES 50 OHM WITH CALIBRATION" -to hps_memory_mem_dm[1] -tag __hps_sdram_p0
set_instance_assignment -name IO_STANDARD "SSTL-15 CLASS I" -to hps_memory_mem_dm[2] -tag __hps_sdram_p0
set_instance_assignment -name OUTPUT_TERMINATION "SERIES 50 OHM WITH CALIBRATION" -to hps_memory_mem_dm[2] -tag __hps_sdram_p0
set_instance_assignment -name IO_STANDARD "SSTL-15 CLASS I" -to hps_memory_mem_dm[3] -tag __hps_sdram_p0
set_instance_assignment -name OUTPUT_TERMINATION "SERIES 50 OHM WITH CALIBRATION" -to hps_memory_mem_dm[3] -tag __hps_sdram_p0
set_instance_assignment -name PACKAGE_SKEW_COMPENSATION OFF -to hps_memory_mem_dq[0] -tag __hps_sdram_p0
set_instance_assignment -name PACKAGE_SKEW_COMPENSATION OFF -to hps_memory_mem_dq[1] -tag __hps_sdram_p0
set_instance_assignment -name PACKAGE_SKEW_COMPENSATION OFF -to hps_memory_mem_dq[2] -tag __hps_sdram_p0
set_instance_assignment -name PACKAGE_SKEW_COMPENSATION OFF -to hps_memory_mem_dq[3] -tag __hps_sdram_p0
set_instance_assignment -name PACKAGE_SKEW_COMPENSATION OFF -to hps_memory_mem_dq[4] -tag __hps_sdram_p0
set_instance_assignment -name PACKAGE_SKEW_COMPENSATION OFF -to hps_memory_mem_dq[5] -tag __hps_sdram_p0
set_instance_assignment -name PACKAGE_SKEW_COMPENSATION OFF -to hps_memory_mem_dq[6] -tag __hps_sdram_p0
set_instance_assignment -name PACKAGE_SKEW_COMPENSATION OFF -to hps_memory_mem_dq[7] -tag __hps_sdram_p0
set_instance_assignment -name PACKAGE_SKEW_COMPENSATION OFF -to hps_memory_mem_dq[8] -tag __hps_sdram_p0
set_instance_assignment -name PACKAGE_SKEW_COMPENSATION OFF -to hps_memory_mem_dq[9] -tag __hps_sdram_p0
set_instance_assignment -name PACKAGE_SKEW_COMPENSATION OFF -to hps_memory_mem_dq[10] -tag __hps_sdram_p0
set_instance_assignment -name PACKAGE_SKEW_COMPENSATION OFF -to hps_memory_mem_dq[11] -tag __hps_sdram_p0
set_instance_assignment -name PACKAGE_SKEW_COMPENSATION OFF -to hps_memory_mem_dq[12] -tag __hps_sdram_p0
set_instance_assignment -name PACKAGE_SKEW_COMPENSATION OFF -to hps_memory_mem_dq[13] -tag __hps_sdram_p0
set_instance_assignment -name PACKAGE_SKEW_COMPENSATION OFF -to hps_memory_mem_dq[14] -tag __hps_sdram_p0
set_instance_assignment -name PACKAGE_SKEW_COMPENSATION OFF -to hps_memory_mem_dq[15] -tag __hps_sdram_p0
set_instance_assignment -name PACKAGE_SKEW_COMPENSATION OFF -to hps_memory_mem_dq[16] -tag __hps_sdram_p0
set_instance_assignment -name PACKAGE_SKEW_COMPENSATION OFF -to hps_memory_mem_dq[17] -tag __hps_sdram_p0
set_instance_assignment -name PACKAGE_SKEW_COMPENSATION OFF -to hps_memory_mem_dq[18] -tag __hps_sdram_p0
set_instance_assignment -name PACKAGE_SKEW_COMPENSATION OFF -to hps_memory_mem_dq[19] -tag __hps_sdram_p0
set_instance_assignment -name PACKAGE_SKEW_COMPENSATION OFF -to hps_memory_mem_dq[20] -tag __hps_sdram_p0
set_instance_assignment -name PACKAGE_SKEW_COMPENSATION OFF -to hps_memory_mem_dq[21] -tag __hps_sdram_p0
set_instance_assignment -name PACKAGE_SKEW_COMPENSATION OFF -to hps_memory_mem_dq[22] -tag __hps_sdram_p0
set_instance_assignment -name PACKAGE_SKEW_COMPENSATION OFF -to hps_memory_mem_dq[23] -tag __hps_sdram_p0
set_instance_assignment -name PACKAGE_SKEW_COMPENSATION OFF -to hps_memory_mem_dq[24] -tag __hps_sdram_p0
set_instance_assignment -name PACKAGE_SKEW_COMPENSATION OFF -to hps_memory_mem_dq[25] -tag __hps_sdram_p0
set_instance_assignment -name PACKAGE_SKEW_COMPENSATION OFF -to hps_memory_mem_dq[26] -tag __hps_sdram_p0
set_instance_assignment -name PACKAGE_SKEW_COMPENSATION OFF -to hps_memory_mem_dq[27] -tag __hps_sdram_p0
set_instance_assignment -name PACKAGE_SKEW_COMPENSATION OFF -to hps_memory_mem_dq[28] -tag __hps_sdram_p0
set_instance_assignment -name PACKAGE_SKEW_COMPENSATION OFF -to hps_memory_mem_dq[29] -tag __hps_sdram_p0
set_instance_assignment -name PACKAGE_SKEW_COMPENSATION OFF -to hps_memory_mem_dq[30] -tag __hps_sdram_p0
set_instance_assignment -name PACKAGE_SKEW_COMPENSATION OFF -to hps_memory_mem_dq[31] -tag __hps_sdram_p0
set_instance_assignment -name PACKAGE_SKEW_COMPENSATION OFF -to hps_memory_mem_dm[0] -tag __hps_sdram_p0
set_instance_assignment -name PACKAGE_SKEW_COMPENSATION OFF -to hps_memory_mem_dm[1] -tag __hps_sdram_p0
set_instance_assignment -name PACKAGE_SKEW_COMPENSATION OFF -to hps_memory_mem_dm[2] -tag __hps_sdram_p0
set_instance_assignment -name PACKAGE_SKEW_COMPENSATION OFF -to hps_memory_mem_dm[3] -tag __hps_sdram_p0
set_instance_assignment -name PACKAGE_SKEW_COMPENSATION OFF -to hps_memory_mem_dqs[0] -tag __hps_sdram_p0
set_instance_assignment -name PACKAGE_SKEW_COMPENSATION OFF -to hps_memory_mem_dqs[1] -tag __hps_sdram_p0
set_instance_assignment -name PACKAGE_SKEW_COMPENSATION OFF -to hps_memory_mem_dqs[2] -tag __hps_sdram_p0
set_instance_assignment -name PACKAGE_SKEW_COMPENSATION OFF -to hps_memory_mem_dqs[3] -tag __hps_sdram_p0
set_instance_assignment -name PACKAGE_SKEW_COMPENSATION OFF -to hps_memory_mem_dqs_n[0] -tag __hps_sdram_p0
set_instance_assignment -name PACKAGE_SKEW_COMPENSATION OFF -to hps_memory_mem_dqs_n[1] -tag __hps_sdram_p0
set_instance_assignment -name PACKAGE_SKEW_COMPENSATION OFF -to hps_memory_mem_dqs_n[2] -tag __hps_sdram_p0
set_instance_assignment -name PACKAGE_SKEW_COMPENSATION OFF -to hps_memory_mem_dqs_n[3] -tag __hps_sdram_p0
set_instance_assignment -name PACKAGE_SKEW_COMPENSATION OFF -to hps_memory_mem_a[0] -tag __hps_sdram_p0
set_instance_assignment -name PACKAGE_SKEW_COMPENSATION OFF -to hps_memory_mem_a[10] -tag __hps_sdram_p0
set_instance_assignment -name PACKAGE_SKEW_COMPENSATION OFF -to hps_memory_mem_a[11] -tag __hps_sdram_p0
set_instance_assignment -name PACKAGE_SKEW_COMPENSATION OFF -to hps_memory_mem_a[12] -tag __hps_sdram_p0
set_instance_assignment -name PACKAGE_SKEW_COMPENSATION OFF -to hps_memory_mem_a[13] -tag __hps_sdram_p0
set_instance_assignment -name PACKAGE_SKEW_COMPENSATION OFF -to hps_memory_mem_a[14] -tag __hps_sdram_p0
set_instance_assignment -name PACKAGE_SKEW_COMPENSATION OFF -to hps_memory_mem_a[1] -tag __hps_sdram_p0
set_instance_assignment -name PACKAGE_SKEW_COMPENSATION OFF -to hps_memory_mem_a[2] -tag __hps_sdram_p0
set_instance_assignment -name PACKAGE_SKEW_COMPENSATION OFF -to hps_memory_mem_a[3] -tag __hps_sdram_p0
set_instance_assignment -name PACKAGE_SKEW_COMPENSATION OFF -to hps_memory_mem_a[4] -tag __hps_sdram_p0
set_instance_assignment -name PACKAGE_SKEW_COMPENSATION OFF -to hps_memory_mem_a[5] -tag __hps_sdram_p0
set_instance_assignment -name PACKAGE_SKEW_COMPENSATION OFF -to hps_memory_mem_a[6] -tag __hps_sdram_p0
set_instance_assignment -name PACKAGE_SKEW_COMPENSATION OFF -to hps_memory_mem_a[7] -tag __hps_sdram_p0
set_instance_assignment -name PACKAGE_SKEW_COMPENSATION OFF -to hps_memory_mem_a[8] -tag __hps_sdram_p0
set_instance_assignment -name PACKAGE_SKEW_COMPENSATION OFF -to hps_memory_mem_a[9] -tag __hps_sdram_p0
set_instance_assignment -name PACKAGE_SKEW_COMPENSATION OFF -to hps_memory_mem_ba[0] -tag __hps_sdram_p0
set_instance_assignment -name PACKAGE_SKEW_COMPENSATION OFF -to hps_memory_mem_ba[1] -tag __hps_sdram_p0
set_instance_assignment -name PACKAGE_SKEW_COMPENSATION OFF -to hps_memory_mem_ba[2] -tag __hps_sdram_p0
set_instance_assignment -name PACKAGE_SKEW_COMPENSATION OFF -to hps_memory_mem_cas_n -tag __hps_sdram_p0
set_instance_assignment -name PACKAGE_SKEW_COMPENSATION OFF -to hps_memory_mem_cke -tag __hps_sdram_p0
set_instance_assignment -name PACKAGE_SKEW_COMPENSATION OFF -to hps_memory_mem_cs_n -tag __hps_sdram_p0
set_instance_assignment -name PACKAGE_SKEW_COMPENSATION OFF -to hps_memory_mem_odt -tag __hps_sdram_p0
set_instance_assignment -name PACKAGE_SKEW_COMPENSATION OFF -to hps_memory_mem_ras_n -tag __hps_sdram_p0
set_instance_assignment -name PACKAGE_SKEW_COMPENSATION OFF -to hps_memory_mem_we_n -tag __hps_sdram_p0
set_instance_assignment -name PACKAGE_SKEW_COMPENSATION OFF -to hps_memory_mem_reset_n -tag __hps_sdram_p0
set_instance_assignment -name PACKAGE_SKEW_COMPENSATION OFF -to hps_memory_mem_ck -tag __hps_sdram_p0
set_instance_assignment -name PACKAGE_SKEW_COMPENSATION OFF -to hps_memory_mem_ck_n -tag __hps_sdram_p0
set_instance_assignment -name GLOBAL_SIGNAL OFF -to soc_inst|hps_0|hps_io|border|hps_sdram_inst|p0|umemphy|ureset|phy_reset_mem_stable_n -tag __hps_sdram_p0
set_instance_assignment -name GLOBAL_SIGNAL OFF -to soc_inst|hps_0|hps_io|border|hps_sdram_inst|p0|umemphy|ureset|phy_reset_n -tag __hps_sdram_p0
set_instance_assignment -name GLOBAL_SIGNAL OFF -to soc_inst|hps_0|hps_io|border|hps_sdram_inst|p0|umemphy|uio_pads|dq_ddio[0].read_capture_clk_buffer -tag __hps_sdram_p0
set_instance_assignment -name GLOBAL_SIGNAL OFF -to soc_inst|hps_0|hps_io|border|hps_sdram_inst|p0|umemphy|uread_datapath|reset_n_fifo_write_side[0] -tag __hps_sdram_p0
set_instance_assignment -name GLOBAL_SIGNAL OFF -to soc_inst|hps_0|hps_io|border|hps_sdram_inst|p0|umemphy|uread_datapath|reset_n_fifo_wraddress[0] -tag __hps_sdram_p0
set_instance_assignment -name GLOBAL_SIGNAL OFF -to soc_inst|hps_0|hps_io|border|hps_sdram_inst|p0|umemphy|uio_pads|dq_ddio[1].read_capture_clk_buffer -tag __hps_sdram_p0
set_instance_assignment -name GLOBAL_SIGNAL OFF -to soc_inst|hps_0|hps_io|border|hps_sdram_inst|p0|umemphy|uread_datapath|reset_n_fifo_write_side[1] -tag __hps_sdram_p0
set_instance_assignment -name GLOBAL_SIGNAL OFF -to soc_inst|hps_0|hps_io|border|hps_sdram_inst|p0|umemphy|uread_datapath|reset_n_fifo_wraddress[1] -tag __hps_sdram_p0
set_instance_assignment -name GLOBAL_SIGNAL OFF -to soc_inst|hps_0|hps_io|border|hps_sdram_inst|p0|umemphy|uio_pads|dq_ddio[2].read_capture_clk_buffer -tag __hps_sdram_p0
set_instance_assignment -name GLOBAL_SIGNAL OFF -to soc_inst|hps_0|hps_io|border|hps_sdram_inst|p0|umemphy|uread_datapath|reset_n_fifo_write_side[2] -tag __hps_sdram_p0
set_instance_assignment -name GLOBAL_SIGNAL OFF -to soc_inst|hps_0|hps_io|border|hps_sdram_inst|p0|umemphy|uread_datapath|reset_n_fifo_wraddress[2] -tag __hps_sdram_p0
set_instance_assignment -name GLOBAL_SIGNAL OFF -to soc_inst|hps_0|hps_io|border|hps_sdram_inst|p0|umemphy|uio_pads|dq_ddio[3].read_capture_clk_buffer -tag __hps_sdram_p0
set_instance_assignment -name GLOBAL_SIGNAL OFF -to soc_inst|hps_0|hps_io|border|hps_sdram_inst|p0|umemphy|uread_datapath|reset_n_fifo_write_side[3] -tag __hps_sdram_p0
set_instance_assignment -name GLOBAL_SIGNAL OFF -to soc_inst|hps_0|hps_io|border|hps_sdram_inst|p0|umemphy|uread_datapath|reset_n_fifo_wraddress[3] -tag __hps_sdram_p0
set_instance_assignment -name ENABLE_BENEFICIAL_SKEW_OPTIMIZATION_FOR_NON_GLOBAL_CLOCKS ON -to soc_inst|hps_0|hps_io|border|hps_sdram_inst -tag __hps_sdram_p0
set_instance_assignment -name PLL_COMPENSATION_MODE DIRECT -to soc_inst|hps_0|hps_io|border|hps_sdram_inst|pll0|fbout -tag __hps_sdram_p0
set_global_assignment -name USE_DLL_FREQUENCY_FOR_DQS_DELAY_CHAIN ON
set_global_assignment -name UNIPHY_SEQUENCER_DQS_CONFIG_ENABLE ON
set_global_assignment -name OPTIMIZE_MULTI_CORNER_TIMING ON
set_global_assignment -name ECO_REGENERATE_REPORT ON
set_instance_assignment -name PARTITION_HIERARCHY root_partition -to | -section_id Top